
Microsoft Visual Studio Solution File, Format Version 12.00
# Visual Studio 14
VisualStudioVersion = 14.0.25420.1
MinimumVisualStudioVersion = 10.0.40219.1
Project("{FAE04EC0-301F-11D3-BF4B-00C04F79EFBC}") = "XamGridView.Android", "XamGridView\XamGridView.Android\XamGridView.Android.csproj", "{A14E0C98-1D64-4D10-8721-DC7A542BBCD6}"
EndProject
Project("{FAE04EC0-301F-11D3-BF4B-00C04F79EFBC}") = "XamGridView", "XamGridView\XamGridView\XamGridView.csproj", "{28707B82-A13F-457F-AF6D-961A24010E34}"
EndProject
Project("{FAE04EC0-301F-11D3-BF4B-00C04F79EFBC}") = "XamGridView.iOS", "XamGridView\XamGridView.iOS\XamGridView.iOS.csproj", "{D608645F-8FAC-4BDD-9D11-3B71315ED0A0}"
EndProject
Project("{FAE04EC0-301F-11D3-BF4B-00C04F79EFBC}") = "DLab.GridView", "DLab\DLab.GridView.csproj", "{7023EA03-7D84-4BF1-BB09-AA20197E37B3}"
EndProject
Global
	GlobalSection(SolutionConfigurationPlatforms) = preSolution
		Ad-Hoc|Any CPU = Ad-Hoc|Any CPU
		Ad-Hoc|iPhone = Ad-Hoc|iPhone
		Ad-Hoc|iPhoneSimulator = Ad-Hoc|iPhoneSimulator
		AppStore|Any CPU = AppStore|Any CPU
		AppStore|iPhone = AppStore|iPhone
		AppStore|iPhoneSimulator = AppStore|iPhoneSimulator
		Debug|Any CPU = Debug|Any CPU
		Debug|iPhone = Debug|iPhone
		Debug|iPhoneSimulator = Debug|iPhoneSimulator
		Release|Any CPU = Release|Any CPU
		Release|iPhone = Release|iPhone
		Release|iPhoneSimulator = Release|iPhoneSimulator
	EndGlobalSection
	GlobalSection(ProjectConfigurationPlatforms) = postSolution
		{A14E0C98-1D64-4D10-8721-DC7A542BBCD6}.Ad-Hoc|Any CPU.ActiveCfg = Release|Any CPU
		{A14E0C98-1D64-4D10-8721-DC7A542BBCD6}.Ad-Hoc|Any CPU.Build.0 = Release|Any CPU
		{A14E0C98-1D64-4D10-8721-DC7A542BBCD6}.Ad-Hoc|Any CPU.Deploy.0 = Release|Any CPU
		{A14E0C98-1D64-4D10-8721-DC7A542BBCD6}.Ad-Hoc|iPhone.ActiveCfg = Release|Any CPU
		{A14E0C98-1D64-4D10-8721-DC7A542BBCD6}.Ad-Hoc|iPhone.Build.0 = Release|Any CPU
		{A14E0C98-1D64-4D10-8721-DC7A542BBCD6}.Ad-Hoc|iPhone.Deploy.0 = Release|Any CPU
		{A14E0C98-1D64-4D10-8721-DC7A542BBCD6}.Ad-Hoc|iPhoneSimulator.ActiveCfg = Release|Any CPU
		{A14E0C98-1D64-4D10-8721-DC7A542BBCD6}.Ad-Hoc|iPhoneSimulator.Build.0 = Release|Any CPU
		{A14E0C98-1D64-4D10-8721-DC7A542BBCD6}.Ad-Hoc|iPhoneSimulator.Deploy.0 = Release|Any CPU
		{A14E0C98-1D64-4D10-8721-DC7A542BBCD6}.AppStore|Any CPU.ActiveCfg = Release|Any CPU
		{A14E0C98-1D64-4D10-8721-DC7A542BBCD6}.AppStore|Any CPU.Build.0 = Release|Any CPU
		{A14E0C98-1D64-4D10-8721-DC7A542BBCD6}.AppStore|Any CPU.Deploy.0 = Release|Any CPU
		{A14E0C98-1D64-4D10-8721-DC7A542BBCD6}.AppStore|iPhone.ActiveCfg = Release|Any CPU
		{A14E0C98-1D64-4D10-8721-DC7A542BBCD6}.AppStore|iPhone.Build.0 = Release|Any CPU
		{A14E0C98-1D64-4D10-8721-DC7A542BBCD6}.AppStore|iPhone.Deploy.0 = Release|Any CPU
		{A14E0C98-1D64-4D10-8721-DC7A542BBCD6}.AppStore|iPhoneSimulator.ActiveCfg = Release|Any CPU
		{A14E0C98-1D64-4D10-8721-DC7A542BBCD6}.AppStore|iPhoneSimulator.Build.0 = Release|Any CPU
		{A14E0C98-1D64-4D10-8721-DC7A542BBCD6}.AppStore|iPhoneSimulator.Deploy.0 = Release|Any CPU
		{A14E0C98-1D64-4D10-8721-DC7A542BBCD6}.Debug|Any CPU.ActiveCfg = Debug|Any CPU
		{A14E0C98-1D64-4D10-8721-DC7A542BBCD6}.Debug|Any CPU.Build.0 = Debug|Any CPU
		{A14E0C98-1D64-4D10-8721-DC7A542BBCD6}.Debug|Any CPU.Deploy.0 = Debug|Any CPU
		{A14E0C98-1D64-4D10-8721-DC7A542BBCD6}.Debug|iPhone.ActiveCfg = Debug|Any CPU
		{A14E0C98-1D64-4D10-8721-DC7A542BBCD6}.Debug|iPhone.Build.0 = Debug|Any CPU
		{A14E0C98-1D64-4D10-8721-DC7A542BBCD6}.Debug|iPhone.Deploy.0 = Debug|Any CPU
		{A14E0C98-1D64-4D10-8721-DC7A542BBCD6}.Debug|iPhoneSimulator.ActiveCfg = Debug|Any CPU
		{A14E0C98-1D64-4D10-8721-DC7A542BBCD6}.Debug|iPhoneSimulator.Build.0 = Debug|Any CPU
		{A14E0C98-1D64-4D10-8721-DC7A542BBCD6}.Debug|iPhoneSimulator.Deploy.0 = Debug|Any CPU
		{A14E0C98-1D64-4D10-8721-DC7A542BBCD6}.Release|Any CPU.ActiveCfg = Release|Any CPU
		{A14E0C98-1D64-4D10-8721-DC7A542BBCD6}.Release|Any CPU.Build.0 = Release|Any CPU
		{A14E0C98-1D64-4D10-8721-DC7A542BBCD6}.Release|Any CPU.Deploy.0 = Release|Any CPU
		{A14E0C98-1D64-4D10-8721-DC7A542BBCD6}.Release|iPhone.ActiveCfg = Release|Any CPU
		{A14E0C98-1D64-4D10-8721-DC7A542BBCD6}.Release|iPhone.Build.0 = Release|Any CPU
		{A14E0C98-1D64-4D10-8721-DC7A542BBCD6}.Release|iPhone.Deploy.0 = Release|Any CPU
		{A14E0C98-1D64-4D10-8721-DC7A542BBCD6}.Release|iPhoneSimulator.ActiveCfg = Release|Any CPU
		{A14E0C98-1D64-4D10-8721-DC7A542BBCD6}.Release|iPhoneSimulator.Build.0 = Release|Any CPU
		{A14E0C98-1D64-4D10-8721-DC7A542BBCD6}.Release|iPhoneSimulator.Deploy.0 = Release|Any CPU
		{28707B82-A13F-457F-AF6D-961A24010E34}.Ad-Hoc|Any CPU.ActiveCfg = Release|Any CPU
		{28707B82-A13F-457F-AF6D-961A24010E34}.Ad-Hoc|Any CPU.Build.0 = Release|Any CPU
		{28707B82-A13F-457F-AF6D-961A24010E34}.Ad-Hoc|Any CPU.Deploy.0 = Release|Any CPU
		{28707B82-A13F-457F-AF6D-961A24010E34}.Ad-Hoc|iPhone.ActiveCfg = Release|Any CPU
		{28707B82-A13F-457F-AF6D-961A24010E34}.Ad-Hoc|iPhone.Build.0 = Release|Any CPU
		{28707B82-A13F-457F-AF6D-961A24010E34}.Ad-Hoc|iPhone.Deploy.0 = Release|Any CPU
		{28707B82-A13F-457F-AF6D-961A24010E34}.Ad-Hoc|iPhoneSimulator.ActiveCfg = Release|Any CPU
		{28707B82-A13F-457F-AF6D-961A24010E34}.Ad-Hoc|iPhoneSimulator.Build.0 = Release|Any CPU
		{28707B82-A13F-457F-AF6D-961A24010E34}.Ad-Hoc|iPhoneSimulator.Deploy.0 = Release|Any CPU
		{28707B82-A13F-457F-AF6D-961A24010E34}.AppStore|Any CPU.ActiveCfg = Release|Any CPU
		{28707B82-A13F-457F-AF6D-961A24010E34}.AppStore|Any CPU.Build.0 = Release|Any CPU
		{28707B82-A13F-457F-AF6D-961A24010E34}.AppStore|Any CPU.Deploy.0 = Release|Any CPU
		{28707B82-A13F-457F-AF6D-961A24010E34}.AppStore|iPhone.ActiveCfg = Release|Any CPU
		{28707B82-A13F-457F-AF6D-961A24010E34}.AppStore|iPhone.Build.0 = Release|Any CPU
		{28707B82-A13F-457F-AF6D-961A24010E34}.AppStore|iPhone.Deploy.0 = Release|Any CPU
		{28707B82-A13F-457F-AF6D-961A24010E34}.AppStore|iPhoneSimulator.ActiveCfg = Release|Any CPU
		{28707B82-A13F-457F-AF6D-961A24010E34}.AppStore|iPhoneSimulator.Build.0 = Release|Any CPU
		{28707B82-A13F-457F-AF6D-961A24010E34}.AppStore|iPhoneSimulator.Deploy.0 = Release|Any CPU
		{28707B82-A13F-457F-AF6D-961A24010E34}.Debug|Any CPU.ActiveCfg = Debug|Any CPU
		{28707B82-A13F-457F-AF6D-961A24010E34}.Debug|Any CPU.Build.0 = Debug|Any CPU
		{28707B82-A13F-457F-AF6D-961A24010E34}.Debug|Any CPU.Deploy.0 = Debug|Any CPU
		{28707B82-A13F-457F-AF6D-961A24010E34}.Debug|iPhone.ActiveCfg = Debug|Any CPU
		{28707B82-A13F-457F-AF6D-961A24010E34}.Debug|iPhone.Build.0 = Debug|Any CPU
		{28707B82-A13F-457F-AF6D-961A24010E34}.Debug|iPhone.Deploy.0 = Debug|Any CPU
		{28707B82-A13F-457F-AF6D-961A24010E34}.Debug|iPhoneSimulator.ActiveCfg = Debug|Any CPU
		{28707B82-A13F-457F-AF6D-961A24010E34}.Debug|iPhoneSimulator.Build.0 = Debug|Any CPU
		{28707B82-A13F-457F-AF6D-961A24010E34}.Debug|iPhoneSimulator.Deploy.0 = Debug|Any CPU
		{28707B82-A13F-457F-AF6D-961A24010E34}.Release|Any CPU.ActiveCfg = Release|Any CPU
		{28707B82-A13F-457F-AF6D-961A24010E34}.Release|Any CPU.Build.0 = Release|Any CPU
		{28707B82-A13F-457F-AF6D-961A24010E34}.Release|Any CPU.Deploy.0 = Release|Any CPU
		{28707B82-A13F-457F-AF6D-961A24010E34}.Release|iPhone.ActiveCfg = Release|Any CPU
		{28707B82-A13F-457F-AF6D-961A24010E34}.Release|iPhone.Build.0 = Release|Any CPU
		{28707B82-A13F-457F-AF6D-961A24010E34}.Release|iPhone.Deploy.0 = Release|Any CPU
		{28707B82-A13F-457F-AF6D-961A24010E34}.Release|iPhoneSimulator.ActiveCfg = Release|Any CPU
		{28707B82-A13F-457F-AF6D-961A24010E34}.Release|iPhoneSimulator.Build.0 = Release|Any CPU
		{28707B82-A13F-457F-AF6D-961A24010E34}.Release|iPhoneSimulator.Deploy.0 = Release|Any CPU
		{D608645F-8FAC-4BDD-9D11-3B71315ED0A0}.Ad-Hoc|Any CPU.ActiveCfg = Ad-Hoc|iPhone
		{D608645F-8FAC-4BDD-9D11-3B71315ED0A0}.Ad-Hoc|Any CPU.Build.0 = Ad-Hoc|iPhone
		{D608645F-8FAC-4BDD-9D11-3B71315ED0A0}.Ad-Hoc|Any CPU.Deploy.0 = Ad-Hoc|iPhone
		{D608645F-8FAC-4BDD-9D11-3B71315ED0A0}.Ad-Hoc|iPhone.ActiveCfg = Ad-Hoc|iPhone
		{D608645F-8FAC-4BDD-9D11-3B71315ED0A0}.Ad-Hoc|iPhone.Build.0 = Ad-Hoc|iPhone
		{D608645F-8FAC-4BDD-9D11-3B71315ED0A0}.Ad-Hoc|iPhone.Deploy.0 = Ad-Hoc|iPhone
		{D608645F-8FAC-4BDD-9D11-3B71315ED0A0}.Ad-Hoc|iPhoneSimulator.ActiveCfg = Ad-Hoc|iPhoneSimulator
		{D608645F-8FAC-4BDD-9D11-3B71315ED0A0}.Ad-Hoc|iPhoneSimulator.Build.0 = Ad-Hoc|iPhoneSimulator
		{D608645F-8FAC-4BDD-9D11-3B71315ED0A0}.Ad-Hoc|iPhoneSimulator.Deploy.0 = Ad-Hoc|iPhoneSimulator
		{D608645F-8FAC-4BDD-9D11-3B71315ED0A0}.AppStore|Any CPU.ActiveCfg = AppStore|iPhone
		{D608645F-8FAC-4BDD-9D11-3B71315ED0A0}.AppStore|Any CPU.Build.0 = AppStore|iPhone
		{D608645F-8FAC-4BDD-9D11-3B71315ED0A0}.AppStore|Any CPU.Deploy.0 = AppStore|iPhone
		{D608645F-8FAC-4BDD-9D11-3B71315ED0A0}.AppStore|iPhone.ActiveCfg = AppStore|iPhone
		{D608645F-8FAC-4BDD-9D11-3B71315ED0A0}.AppStore|iPhone.Build.0 = AppStore|iPhone
		{D608645F-8FAC-4BDD-9D11-3B71315ED0A0}.AppStore|iPhone.Deploy.0 = AppStore|iPhone
		{D608645F-8FAC-4BDD-9D11-3B71315ED0A0}.AppStore|iPhoneSimulator.ActiveCfg = AppStore|iPhoneSimulator
		{D608645F-8FAC-4BDD-9D11-3B71315ED0A0}.AppStore|iPhoneSimulator.Build.0 = AppStore|iPhoneSimulator
		{D608645F-8FAC-4BDD-9D11-3B71315ED0A0}.AppStore|iPhoneSimulator.Deploy.0 = AppStore|iPhoneSimulator
		{D608645F-8FAC-4BDD-9D11-3B71315ED0A0}.Debug|Any CPU.ActiveCfg = Debug|iPhoneSimulator
		{D608645F-8FAC-4BDD-9D11-3B71315ED0A0}.Debug|Any CPU.Build.0 = Debug|iPhoneSimulator
		{D608645F-8FAC-4BDD-9D11-3B71315ED0A0}.Debug|Any CPU.Deploy.0 = Debug|iPhoneSimulator
		{D608645F-8FAC-4BDD-9D11-3B71315ED0A0}.Debug|iPhone.ActiveCfg = Debug|iPhone
		{D608645F-8FAC-4BDD-9D11-3B71315ED0A0}.Debug|iPhone.Build.0 = Debug|iPhone
		{D608645F-8FAC-4BDD-9D11-3B71315ED0A0}.Debug|iPhone.Deploy.0 = Debug|iPhone
		{D608645F-8FAC-4BDD-9D11-3B71315ED0A0}.Debug|iPhoneSimulator.ActiveCfg = Debug|iPhoneSimulator
		{D608645F-8FAC-4BDD-9D11-3B71315ED0A0}.Debug|iPhoneSimulator.Build.0 = Debug|iPhoneSimulator
		{D608645F-8FAC-4BDD-9D11-3B71315ED0A0}.Debug|iPhoneSimulator.Deploy.0 = Debug|iPhoneSimulator
		{D608645F-8FAC-4BDD-9D11-3B71315ED0A0}.Release|Any CPU.ActiveCfg = Release|iPhone
		{D608645F-8FAC-4BDD-9D11-3B71315ED0A0}.Release|Any CPU.Build.0 = Release|iPhone
		{D608645F-8FAC-4BDD-9D11-3B71315ED0A0}.Release|Any CPU.Deploy.0 = Release|iPhone
		{D608645F-8FAC-4BDD-9D11-3B71315ED0A0}.Release|iPhone.ActiveCfg = Release|iPhone
		{D608645F-8FAC-4BDD-9D11-3B71315ED0A0}.Release|iPhone.Build.0 = Release|iPhone
		{D608645F-8FAC-4BDD-9D11-3B71315ED0A0}.Release|iPhone.Deploy.0 = Release|iPhone
		{D608645F-8FAC-4BDD-9D11-3B71315ED0A0}.Release|iPhoneSimulator.ActiveCfg = Release|iPhoneSimulator
		{D608645F-8FAC-4BDD-9D11-3B71315ED0A0}.Release|iPhoneSimulator.Build.0 = Release|iPhoneSimulator
		{D608645F-8FAC-4BDD-9D11-3B71315ED0A0}.Release|iPhoneSimulator.Deploy.0 = Release|iPhoneSimulator
		{7023EA03-7D84-4BF1-BB09-AA20197E37B3}.Ad-Hoc|Any CPU.ActiveCfg = Release|Any CPU
		{7023EA03-7D84-4BF1-BB09-AA20197E37B3}.Ad-Hoc|Any CPU.Build.0 = Release|Any CPU
		{7023EA03-7D84-4BF1-BB09-AA20197E37B3}.Ad-Hoc|iPhone.ActiveCfg = Release|Any CPU
		{7023EA03-7D84-4BF1-BB09-AA20197E37B3}.Ad-Hoc|iPhone.Build.0 = Release|Any CPU
		{7023EA03-7D84-4BF1-BB09-AA20197E37B3}.Ad-Hoc|iPhoneSimulator.ActiveCfg = Release|Any CPU
		{7023EA03-7D84-4BF1-BB09-AA20197E37B3}.Ad-Hoc|iPhoneSimulator.Build.0 = Release|Any CPU
		{7023EA03-7D84-4BF1-BB09-AA20197E37B3}.AppStore|Any CPU.ActiveCfg = Release|Any CPU
		{7023EA03-7D84-4BF1-BB09-AA20197E37B3}.AppStore|Any CPU.Build.0 = Release|Any CPU
		{7023EA03-7D84-4BF1-BB09-AA20197E37B3}.AppStore|iPhone.ActiveCfg = Release|Any CPU
		{7023EA03-7D84-4BF1-BB09-AA20197E37B3}.AppStore|iPhone.Build.0 = Release|Any CPU
		{7023EA03-7D84-4BF1-BB09-AA20197E37B3}.AppStore|iPhoneSimulator.ActiveCfg = Release|Any CPU
		{7023EA03-7D84-4BF1-BB09-AA20197E37B3}.AppStore|iPhoneSimulator.Build.0 = Release|Any CPU
		{7023EA03-7D84-4BF1-BB09-AA20197E37B3}.Debug|Any CPU.ActiveCfg = Debug|Any CPU
		{7023EA03-7D84-4BF1-BB09-AA20197E37B3}.Debug|Any CPU.Build.0 = Debug|Any CPU
		{7023EA03-7D84-4BF1-BB09-AA20197E37B3}.Debug|iPhone.ActiveCfg = Debug|Any CPU
		{7023EA03-7D84-4BF1-BB09-AA20197E37B3}.Debug|iPhone.Build.0 = Debug|Any CPU
		{7023EA03-7D84-4BF1-BB09-AA20197E37B3}.Debug|iPhoneSimulator.ActiveCfg = Debug|Any CPU
		{7023EA03-7D84-4BF1-BB09-AA20197E37B3}.Debug|iPhoneSimulator.Build.0 = Debug|Any CPU
		{7023EA03-7D84-4BF1-BB09-AA20197E37B3}.Release|Any CPU.ActiveCfg = Release|Any CPU
		{7023EA03-7D84-4BF1-BB09-AA20197E37B3}.Release|Any CPU.Build.0 = Release|Any CPU
		{7023EA03-7D84-4BF1-BB09-AA20197E37B3}.Release|iPhone.ActiveCfg = Release|Any CPU
		{7023EA03-7D84-4BF1-BB09-AA20197E37B3}.Release|iPhone.Build.0 = Release|Any CPU
		{7023EA03-7D84-4BF1-BB09-AA20197E37B3}.Release|iPhoneSimulator.ActiveCfg = Release|Any CPU
		{7023EA03-7D84-4BF1-BB09-AA20197E37B3}.Release|iPhoneSimulator.Build.0 = Release|Any CPU
	EndGlobalSection
	GlobalSection(SolutionProperties) = preSolution
		HideSolutionNode = FALSE
	EndGlobalSection
EndGlobal
